
Microsoft Visual Studio Solution File, Format Version 12.00
# Visual Studio Version 17
VisualStudioVersion = 17.9.34714.143
MinimumVisualStudioVersion = 10.0.40219.1
Project("{FAE04EC0-301F-11D3-BF4B-00C04F79EFBC}") = "StyleAgnosticCommandArgs", "StyleAgnosticCommandArgs\StyleAgnosticCommandArgs.csproj", "{58C78454-D5D5-49C3-951C-604F27FFD38E}"
EndProject
Global
	GlobalSection(SolutionConfigurationPlatforms) = preSolution
		Debug|Any CPU = Debug|Any CPU
		Release|Any CPU = Release|Any CPU
	EndGlobalSection
	GlobalSection(ProjectConfigurationPlatforms) = postSolution
		{58C78454-D5D5-49C3-951C-604F27FFD38E}.Debug|Any CPU.ActiveCfg = Debug|Any CPU
		{58C78454-D5D5-49C3-951C-604F27FFD38E}.Debug|Any CPU.Build.0 = Debug|Any CPU
		{58C78454-D5D5-49C3-951C-604F27FFD38E}.Release|Any CPU.ActiveCfg = Release|Any CPU
		{58C78454-D5D5-49C3-951C-604F27FFD38E}.Release|Any CPU.Build.0 = Release|Any CPU
	EndGlobalSection
	GlobalSection(SolutionProperties) = preSolution
		HideSolutionNode = FALSE
	EndGlobalSection
	GlobalSection(ExtensibilityGlobals) = postSolution
		SolutionGuid = {5CAD1C7E-CC98-48CF-9182-8C9C2935FF5F}
	EndGlobalSection
EndGlobal
